
Microsoft Visual Studio Solution File, Format Version 12.00
# Visual Studio Version 17
VisualStudioVersion = 17.0.32014.148
MinimumVisualStudioVersion = 10.0.40219.1
Project("{9A19103F-16F7-4668-BE54-9A1E7A4F7556}") = "02 - C Sharp Funamentals", "02 - C Sharp Funamentals\02 - C Sharp Funamentals.csproj", "{68182F7B-62D7-480C-98BE-3399C3DF3798}"
EndProject
Project("{9A19103F-16F7-4668-BE54-9A1E7A4F7556}") = "03 - C Sharp Advanced", "03 - C Sharp Advanced\03 - C Sharp Advanced.csproj", "{69C390A3-B021-42F3-9DB3-F9AFBFA9B9C5}"
EndProject
Project("{9A19103F-16F7-4668-BE54-9A1E7A4F7556}") = "03 - C Sharp Advanced - Streams Files And Directories", "03 - C Sharp Advanced - Streams Files And Directories\03 - C Sharp Advanced - Streams Files And Directories.csproj", "{4EA0E911-A463-4C1C-88D7-E71CC528914A}"
EndProject
Project("{2150E333-8FDC-42A3-9474-1A3956D46DE8}") = "03 - Advanced", "03 - Advanced", "{BE8B6812-1B01-4CE8-A8F9-E57740FD2CEE}"
EndProject
Project("{2150E333-8FDC-42A3-9474-1A3956D46DE8}") = "02 - Fundamentals", "02 - Fundamentals", "{DA6F365B-A364-43E1-9C21-D4DFA7B11FEE}"
EndProject
Project("{9A19103F-16F7-4668-BE54-9A1E7A4F7556}") = "DefiningClasses", "03 - C Sharp Advanced - Defining Classes\DefiningClasses.csproj", "{1275E712-04CD-4429-8D5F-5C827DEA9B1E}"
EndProject
Project("{9A19103F-16F7-4668-BE54-9A1E7A4F7556}") = "SoftUniParking", "SoftUniParking\SoftUniParking.csproj", "{7DA677EC-FB23-49E2-BA89-0084C13EE01C}"
EndProject
Project("{9A19103F-16F7-4668-BE54-9A1E7A4F7556}") = "Generics", "Generics\Generics.csproj", "{32834A4A-C88B-492F-83B7-BD7F45B8B2A9}"
EndProject
Project("{2150E333-8FDC-42A3-9474-1A3956D46DE8}") = "Exam Prep", "Exam Prep", "{3BADBF4C-0915-424E-9A4C-8DCDCC9480FC}"
EndProject
Project("{2150E333-8FDC-42A3-9474-1A3956D46DE8}") = "Exam", "Exam", "{99DC59F6-9979-4C6D-8F27-B63A725FBE65}"
EndProject
Project("{9A19103F-16F7-4668-BE54-9A1E7A4F7556}") = "Blacksmith", "Blacksmith\Blacksmith.csproj", "{E7913C75-AC1D-49E9-9198-97999E58B88D}"
EndProject
Project("{9A19103F-16F7-4668-BE54-9A1E7A4F7556}") = "Armory", "Armory\Armory.csproj", "{7E12AA80-D2E8-447E-9FAF-5AA27EA26E0C}"
EndProject
Project("{9A19103F-16F7-4668-BE54-9A1E7A4F7556}") = "Drones", "Drones\Drones.csproj", "{B03DF72B-38EF-4B11-9033-93C66AA99C65}"
EndProject
Project("{9A19103F-16F7-4668-BE54-9A1E7A4F7556}") = "01", "01\01.csproj", "{7FC89528-7266-48C3-91DC-83EBA0875195}"
EndProject
Project("{9A19103F-16F7-4668-BE54-9A1E7A4F7556}") = "02", "02\02.csproj", "{D7AAAE01-364E-414E-B9A2-EFEFFF024903}"
EndProject
Project("{9A19103F-16F7-4668-BE54-9A1E7A4F7556}") = "FishingNet", "FishingNet\FishingNet.csproj", "{08A48648-5B8B-41E3-AF5D-4BBC48D4B4BD}"
EndProject
Project("{2150E333-8FDC-42A3-9474-1A3956D46DE8}") = "04 - OOP", "04 - OOP", "{4872283D-3132-43A1-9A47-AAE554BD1B9A}"
EndProject
Project("{2150E333-8FDC-42A3-9474-1A3956D46DE8}") = "Exam", "Exam", "{D1FEEDC1-E809-46B3-8278-B66081C7E6FC}"
EndProject
Project("{2150E333-8FDC-42A3-9474-1A3956D46DE8}") = "Exam Practice", "Exam Practice", "{D4A4C934-7163-40F3-9565-83784680CB8B}"
EndProject
Project("{2150E333-8FDC-42A3-9474-1A3956D46DE8}") = "Homework", "Homework", "{DEED5A72-7E95-4EF9-88AE-593373546AEA}"
EndProject
Project("{2150E333-8FDC-42A3-9474-1A3956D46DE8}") = "Inheritance", "Inheritance", "{2D9ED863-06F0-41A4-B8BF-9A3128C59753}"
EndProject
Project("{9A19103F-16F7-4668-BE54-9A1E7A4F7556}") = "Animals", "04 - OOP\Homework\Inheritance\Animals\Animals.csproj", "{DDC901CB-C747-4327-9A0E-F8DADD1D386E}"
EndProject
Project("{9A19103F-16F7-4668-BE54-9A1E7A4F7556}") = "NeedForSpeed", "04 - OOP\Homework\Inheritance\NeedForSpeed\NeedForSpeed.csproj", "{65494D76-DCA0-4F75-8BDA-D6C5DE478AC7}"
EndProject
Project("{9A19103F-16F7-4668-BE54-9A1E7A4F7556}") = "Person", "04 - OOP\Homework\Inheritance\Person\Person.csproj", "{43E97F40-737C-46AC-A172-E080DF4B451A}"
EndProject
Project("{9A19103F-16F7-4668-BE54-9A1E7A4F7556}") = "PlayersAndMonsters", "04 - OOP\Homework\Inheritance\PlayersAndMonsters\PlayersAndMonsters.csproj", "{E6BABF73-D497-42C6-9F01-F3AD10658257}"
EndProject
Project("{9A19103F-16F7-4668-BE54-9A1E7A4F7556}") = "Restaurant", "04 - OOP\Homework\Inheritance\Restaurant\Restaurant.csproj", "{97FA5062-B2E3-44CF-B0B4-030B09A15395}"
EndProject
Project("{9A19103F-16F7-4668-BE54-9A1E7A4F7556}") = "Zoo", "04 - OOP\Homework\Inheritance\Zoo\Zoo.csproj", "{1E3ACE7C-0A4D-497A-B947-B5D7F428E833}"
EndProject
Project("{2150E333-8FDC-42A3-9474-1A3956D46DE8}") = "Encapsulation", "Encapsulation", "{0E21C0FC-A4A9-4042-B87D-72F2E6700098}"
EndProject
Project("{2150E333-8FDC-42A3-9474-1A3956D46DE8}") = "Interfaces and Abstraction", "Interfaces and Abstraction", "{332EBB33-877F-498F-977D-09B9C5C3E7E7}"
EndProject
Project("{2150E333-8FDC-42A3-9474-1A3956D46DE8}") = "Polymorphism", "Polymorphism", "{6CB7D065-E4AC-40EF-BC73-68A96CAC3B1A}"
EndProject
Project("{9A19103F-16F7-4668-BE54-9A1E7A4F7556}") = "Vehicles", "04 - OOP\Homework\Polymorphism\Vehicles\Vehicles.csproj", "{9C1DD187-7D57-476B-B0FC-9B54E532DBD1}"
EndProject
Project("{9A19103F-16F7-4668-BE54-9A1E7A4F7556}") = "BorderControl", "04 - OOP\Homework\Interfaces and Abstraction\BorderControl\BorderControl.csproj", "{70E97B4B-E46B-4A50-9875-811332707EB8}"
EndProject
Project("{9A19103F-16F7-4668-BE54-9A1E7A4F7556}") = "InterfacesAndAbstraction", "04 - OOP\Homework\Interfaces and Abstraction\InterfacesAndAbstraction\InterfacesAndAbstraction.csproj", "{C1B265EA-B367-46D0-8319-E535826C8571}"
EndProject
Project("{9A19103F-16F7-4668-BE54-9A1E7A4F7556}") = "PersonInfo", "04 - OOP\Homework\Interfaces and Abstraction\PersonInfo\PersonInfo.csproj", "{AFC9F6FC-1BDB-45AB-8218-F8F72B52534D}"
EndProject
Project("{9A19103F-16F7-4668-BE54-9A1E7A4F7556}") = "Telephony", "04 - OOP\Homework\Interfaces and Abstraction\Telephony\Telephony.csproj", "{C18D2895-06E5-4707-B989-CC27E06D361E}"
EndProject
Project("{9A19103F-16F7-4668-BE54-9A1E7A4F7556}") = "AnimalFarm", "04 - OOP\Homework\Encapsulation\AnimalFarm\AnimalFarm.csproj", "{E976E9EE-0199-402D-8963-534B6C992FAF}"
EndProject
Project("{9A19103F-16F7-4668-BE54-9A1E7A4F7556}") = "BoxData", "04 - OOP\Homework\Encapsulation\BoxData\BoxData.csproj", "{E81F0739-AB3A-44DB-A4BF-B626D470E6E1}"
EndProject
Project("{9A19103F-16F7-4668-BE54-9A1E7A4F7556}") = "FootballTeamGenerator", "04 - OOP\Homework\Encapsulation\FootballTeamGenerator\FootballTeamGenerator.csproj", "{0905BFA5-702A-4C47-89BF-9A7C9CE6F8B0}"
EndProject
Project("{9A19103F-16F7-4668-BE54-9A1E7A4F7556}") = "PizzaCalories", "04 - OOP\Homework\Encapsulation\PizzaCalories\PizzaCalories.csproj", "{5A34E7B8-50A4-435D-95E5-42FC1767CC7B}"
EndProject
Project("{9A19103F-16F7-4668-BE54-9A1E7A4F7556}") = "ShoppingSpree", "04 - OOP\Homework\Encapsulation\ShoppingSpree\ShoppingSpree.csproj", "{652EFD90-A097-4CA0-90A5-6C3D07EB581A}"
EndProject
Project("{9A19103F-16F7-4668-BE54-9A1E7A4F7556}") = "WildFarm", "04 - OOP\Homework\Polymorphism\WildFarm\WildFarm.csproj", "{4815906E-6592-4D63-909A-4689AEF7D5DB}"
EndProject
Project("{9A19103F-16F7-4668-BE54-9A1E7A4F7556}") = "Raiding", "04 - OOP\Homework\Polymorphism\Raiding\Raiding.csproj", "{0CC01450-F009-4507-9C6B-8E1E8B9ECF86}"
EndProject
Project("{2150E333-8FDC-42A3-9474-1A3956D46DE8}") = "SOLID", "SOLID", "{ADC78EA6-45A8-4EDF-A161-D56E6F358E06}"
EndProject
Project("{9A19103F-16F7-4668-BE54-9A1E7A4F7556}") = "Logger", "04 - OOP\Homework\SOLID\Logger\Logger.csproj", "{0BB020F4-7EDE-4211-BA8A-4A8CEE6C6C19}"
EndProject
Project("{2150E333-8FDC-42A3-9474-1A3956D46DE8}") = "Reflection", "Reflection", "{484CB333-C024-4BF6-90AF-EC47ADA2B9A2}"
EndProject
Project("{9A19103F-16F7-4668-BE54-9A1E7A4F7556}") = "CommandPattern", "04 - OOP\Homework\Reflection\CommandPattern\CommandPattern.csproj", "{97BB277D-6B69-44B1-9112-CBB540F4813B}"
EndProject
Project("{9A19103F-16F7-4668-BE54-9A1E7A4F7556}") = "ValidationAttributes", "04 - OOP\Homework\Reflection\ValidationAttributes\ValidationAttributes.csproj", "{E7E01297-A44D-4065-84FB-8D84EB180E3D}"
EndProject
Project("{2150E333-8FDC-42A3-9474-1A3956D46DE8}") = "Unit Testimg", "Unit Testimg", "{9E3D5E03-8410-4B25-8A6A-712ACE404357}"
EndProject
Project("{9A19103F-16F7-4668-BE54-9A1E7A4F7556}") = "CarManager", "04 - OOP\Homework\Unit Testing\CarManager\CarManager.csproj", "{FD3E70AE-2121-4AAE-A550-5AE9E5109AD3}"
EndProject
Project("{9A19103F-16F7-4668-BE54-9A1E7A4F7556}") = "CarManager.Tests", "04 - OOP\Homework\Unit Testing\CarManager.Tests\CarManager.Tests.csproj", "{6B0B800F-87DC-46BE-B025-949765D9B369}"
EndProject
Project("{9A19103F-16F7-4668-BE54-9A1E7A4F7556}") = "Database", "04 - OOP\Homework\Unit Testing\Database\Database.csproj", "{93E5CCD4-B01D-4BC8-9933-E94C6DA049D8}"
EndProject
Project("{9A19103F-16F7-4668-BE54-9A1E7A4F7556}") = "Database.Tests", "04 - OOP\Homework\Unit Testing\Database.Tests\Database.Tests.csproj", "{373B092F-4767-436A-A7E4-FC3A6B2EC1E2}"
EndProject
Project("{9A19103F-16F7-4668-BE54-9A1E7A4F7556}") = "DatabaseExtended.Tests", "04 - OOP\Homework\Unit Testing\DatabaseExtended.Tests\DatabaseExtended.Tests.csproj", "{B806C9F6-13F8-4C81-85D5-663C0FF26C24}"
EndProject
Project("{9A19103F-16F7-4668-BE54-9A1E7A4F7556}") = "FightingArena", "04 - OOP\Homework\Unit Testing\FightingArena\FightingArena.csproj", "{A57306F1-2240-404A-977E-CE6DF62B006E}"
EndProject
Project("{9A19103F-16F7-4668-BE54-9A1E7A4F7556}") = "FightingArena.Tests", "04 - OOP\Homework\Unit Testing\FightingArena.Tests\FightingArena.Tests.csproj", "{48E4A8C6-5304-4976-9311-46935AA7F6F4}"
EndProject
Project("{9A19103F-16F7-4668-BE54-9A1E7A4F7556}") = "DatabaseExtended", "04 - OOP\Homework\Unit Testing\DatabaseExtended\DatabaseExtended.csproj", "{F191DF10-AD05-4230-B0C4-A77995D6B07E}"
EndProject
Project("{2150E333-8FDC-42A3-9474-1A3956D46DE8}") = "Mocking", "Mocking", "{5CC8A491-6EFE-417E-8CC0-4025E70D0132}"
EndProject
Project("{9A19103F-16F7-4668-BE54-9A1E7A4F7556}") = "Chainblock", "04 - OOP\Homework\Mocking\Chainblock\Chainblock.csproj", "{28CEA6B3-A672-4A53-BEAE-2D9E4FF78D11}"
EndProject
Project("{9A19103F-16F7-4668-BE54-9A1E7A4F7556}") = "Chainblock.Tests", "04 - OOP\Homework\Mocking\Chainblock.Tests\Chainblock.Tests.csproj", "{A8178CDD-A4A6-4937-BFC2-6993053AE5C5}"
EndProject
Project("{9A19103F-16F7-4668-BE54-9A1E7A4F7556}") = "Gym", "04 - OOP\Exam Practice\Gym\Gym\Gym.csproj", "{C91E653A-2E0D-4335-B35A-C82969241C0F}"
EndProject
Project("{9A19103F-16F7-4668-BE54-9A1E7A4F7556}") = "Gyms", "04 - OOP\Exam Practice\GymTests\Gyms\Gyms.csproj", "{2137425A-9E69-4131-A0D6-371F3D51C733}"
EndProject
Project("{9A19103F-16F7-4668-BE54-9A1E7A4F7556}") = "Gyms.Tests", "04 - OOP\Exam Practice\GymTests\Gyms.Tests\Gyms.Tests.csproj", "{07DE5729-A0DC-4CB6-BB8C-F6467F3AC42F}"
EndProject
Project("{9A19103F-16F7-4668-BE54-9A1E7A4F7556}") = "Formula1", "04 - OOP\Exam\Exam\Formula1\Formula1.csproj", "{EA020C95-957F-4AF5-B135-4A7309A249B4}"
EndProject
Project("{9A19103F-16F7-4668-BE54-9A1E7A4F7556}") = "SmartphoneShop", "04 - OOP\Exam\Exam Tests\SmartphoneShop\SmartphoneShop.csproj", "{D9D274A5-D6DE-492B-B5A6-F7CE8A645144}"
EndProject
Project("{9A19103F-16F7-4668-BE54-9A1E7A4F7556}") = "SmartphoneShop.Tests", "04 - OOP\Exam\Exam Tests\SmartphoneShop.Tests\SmartphoneShop.Tests.csproj", "{F64FF0A6-0C67-433D-AEC2-B120DD7C3890}"
EndProject
Project("{2150E333-8FDC-42A3-9474-1A3956D46DE8}") = "05 - Frontend", "05 - Frontend", "{80AD0ED6-3EF5-43BF-AB14-944DD2F67F3E}"
EndProject
Project("{2150E333-8FDC-42A3-9474-1A3956D46DE8}") = "HTML+CSS", "HTML+CSS", "{7AF6BC2B-80C7-41F4-BB7A-69381179C6E2}"
EndProject
Project("{9A19103F-16F7-4668-BE54-9A1E7A4F7556}") = "01-Intro to HTML and CSS", "05 - Frontend\HTML+CSS\01-Intro to HTML and CSS\01-Intro to HTML and CSS.csproj", "{77E6733C-A700-42F6-BC4D-025B7E6A7EFB}"
EndProject
Project("{9A19103F-16F7-4668-BE54-9A1E7A4F7556}") = "02-HTML Structure", "05 - Frontend\HTML+CSS\02-HTML Structure\02-HTML Structure.csproj", "{4066DB80-BC4A-44F3-840A-9E74E3123173}"
EndProject
Project("{9A19103F-16F7-4668-BE54-9A1E7A4F7556}") = "03-CSS and Typography", "05 - Frontend\HTML+CSS\03-CSS and Typography\03-CSS and Typography.csproj", "{0D08BFD9-B571-48E0-A06E-0299CCE7FC23}"
EndProject
Project("{FAE04EC0-301F-11D3-BF4B-00C04F79EFBC}") = "05-Position and Grid", "05 - Frontend\HTML+CSS\05-Position and Grid\05-Position and Grid.csproj", "{72C27F2C-FB94-4797-B27B-9E6D79025E51}"
EndProject
Project("{9A19103F-16F7-4668-BE54-9A1E7A4F7556}") = "04-CSS Box Model", "05 - Frontend\HTML+CSS\04-CSS Box Model\04-CSS Box Model.csproj", "{C798E0C8-59DB-4358-9E51-BFDA57CC171F}"
EndProject
Global
	GlobalSection(SolutionConfigurationPlatforms) = preSolution
		Debug|Any CPU = Debug|Any CPU
		Release|Any CPU = Release|Any CPU
	EndGlobalSection
	GlobalSection(ProjectConfigurationPlatforms) = postSolution
		{68182F7B-62D7-480C-98BE-3399C3DF3798}.Debug|Any CPU.ActiveCfg = Debug|Any CPU
		{68182F7B-62D7-480C-98BE-3399C3DF3798}.Debug|Any CPU.Build.0 = Debug|Any CPU
		{68182F7B-62D7-480C-98BE-3399C3DF3798}.Release|Any CPU.ActiveCfg = Release|Any CPU
		{68182F7B-62D7-480C-98BE-3399C3DF3798}.Release|Any CPU.Build.0 = Release|Any CPU
		{69C390A3-B021-42F3-9DB3-F9AFBFA9B9C5}.Debug|Any CPU.ActiveCfg = Debug|Any CPU
		{69C390A3-B021-42F3-9DB3-F9AFBFA9B9C5}.Debug|Any CPU.Build.0 = Debug|Any CPU
		{69C390A3-B021-42F3-9DB3-F9AFBFA9B9C5}.Release|Any CPU.ActiveCfg = Release|Any CPU
		{69C390A3-B021-42F3-9DB3-F9AFBFA9B9C5}.Release|Any CPU.Build.0 = Release|Any CPU
		{4EA0E911-A463-4C1C-88D7-E71CC528914A}.Debug|Any CPU.ActiveCfg = Debug|Any CPU
		{4EA0E911-A463-4C1C-88D7-E71CC528914A}.Debug|Any CPU.Build.0 = Debug|Any CPU
		{4EA0E911-A463-4C1C-88D7-E71CC528914A}.Release|Any CPU.ActiveCfg = Release|Any CPU
		{4EA0E911-A463-4C1C-88D7-E71CC528914A}.Release|Any CPU.Build.0 = Release|Any CPU
		{1275E712-04CD-4429-8D5F-5C827DEA9B1E}.Debug|Any CPU.ActiveCfg = Debug|Any CPU
		{1275E712-04CD-4429-8D5F-5C827DEA9B1E}.Debug|Any CPU.Build.0 = Debug|Any CPU
		{1275E712-04CD-4429-8D5F-5C827DEA9B1E}.Release|Any CPU.ActiveCfg = Release|Any CPU
		{1275E712-04CD-4429-8D5F-5C827DEA9B1E}.Release|Any CPU.Build.0 = Release|Any CPU
		{7DA677EC-FB23-49E2-BA89-0084C13EE01C}.Debug|Any CPU.ActiveCfg = Debug|Any CPU
		{7DA677EC-FB23-49E2-BA89-0084C13EE01C}.Debug|Any CPU.Build.0 = Debug|Any CPU
		{7DA677EC-FB23-49E2-BA89-0084C13EE01C}.Release|Any CPU.ActiveCfg = Release|Any CPU
		{7DA677EC-FB23-49E2-BA89-0084C13EE01C}.Release|Any CPU.Build.0 = Release|Any CPU
		{32834A4A-C88B-492F-83B7-BD7F45B8B2A9}.Debug|Any CPU.ActiveCfg = Debug|Any CPU
		{32834A4A-C88B-492F-83B7-BD7F45B8B2A9}.Debug|Any CPU.Build.0 = Debug|Any CPU
		{32834A4A-C88B-492F-83B7-BD7F45B8B2A9}.Release|Any CPU.ActiveCfg = Release|Any CPU
		{32834A4A-C88B-492F-83B7-BD7F45B8B2A9}.Release|Any CPU.Build.0 = Release|Any CPU
		{E7913C75-AC1D-49E9-9198-97999E58B88D}.Debug|Any CPU.ActiveCfg = Debug|Any CPU
		{E7913C75-AC1D-49E9-9198-97999E58B88D}.Debug|Any CPU.Build.0 = Debug|Any CPU
		{E7913C75-AC1D-49E9-9198-97999E58B88D}.Release|Any CPU.ActiveCfg = Release|Any CPU
		{E7913C75-AC1D-49E9-9198-97999E58B88D}.Release|Any CPU.Build.0 = Release|Any CPU
		{7E12AA80-D2E8-447E-9FAF-5AA27EA26E0C}.Debug|Any CPU.ActiveCfg = Debug|Any CPU
		{7E12AA80-D2E8-447E-9FAF-5AA27EA26E0C}.Debug|Any CPU.Build.0 = Debug|Any CPU
		{7E12AA80-D2E8-447E-9FAF-5AA27EA26E0C}.Release|Any CPU.ActiveCfg = Release|Any CPU
		{7E12AA80-D2E8-447E-9FAF-5AA27EA26E0C}.Release|Any CPU.Build.0 = Release|Any CPU
		{B03DF72B-38EF-4B11-9033-93C66AA99C65}.Debug|Any CPU.ActiveCfg = Debug|Any CPU
		{B03DF72B-38EF-4B11-9033-93C66AA99C65}.Debug|Any CPU.Build.0 = Debug|Any CPU
		{B03DF72B-38EF-4B11-9033-93C66AA99C65}.Release|Any CPU.ActiveCfg = Release|Any CPU
		{B03DF72B-38EF-4B11-9033-93C66AA99C65}.Release|Any CPU.Build.0 = Release|Any CPU
		{7FC89528-7266-48C3-91DC-83EBA0875195}.Debug|Any CPU.ActiveCfg = Debug|Any CPU
		{7FC89528-7266-48C3-91DC-83EBA0875195}.Debug|Any CPU.Build.0 = Debug|Any CPU
		{7FC89528-7266-48C3-91DC-83EBA0875195}.Release|Any CPU.ActiveCfg = Release|Any CPU
		{7FC89528-7266-48C3-91DC-83EBA0875195}.Release|Any CPU.Build.0 = Release|Any CPU
		{D7AAAE01-364E-414E-B9A2-EFEFFF024903}.Debug|Any CPU.ActiveCfg = Debug|Any CPU
		{D7AAAE01-364E-414E-B9A2-EFEFFF024903}.Debug|Any CPU.Build.0 = Debug|Any CPU
		{D7AAAE01-364E-414E-B9A2-EFEFFF024903}.Release|Any CPU.ActiveCfg = Release|Any CPU
		{D7AAAE01-364E-414E-B9A2-EFEFFF024903}.Release|Any CPU.Build.0 = Release|Any CPU
		{08A48648-5B8B-41E3-AF5D-4BBC48D4B4BD}.Debug|Any CPU.ActiveCfg = Debug|Any CPU
		{08A48648-5B8B-41E3-AF5D-4BBC48D4B4BD}.Debug|Any CPU.Build.0 = Debug|Any CPU
		{08A48648-5B8B-41E3-AF5D-4BBC48D4B4BD}.Release|Any CPU.ActiveCfg = Release|Any CPU
		{08A48648-5B8B-41E3-AF5D-4BBC48D4B4BD}.Release|Any CPU.Build.0 = Release|Any CPU
		{DDC901CB-C747-4327-9A0E-F8DADD1D386E}.Debug|Any CPU.ActiveCfg = Debug|Any CPU
		{DDC901CB-C747-4327-9A0E-F8DADD1D386E}.Debug|Any CPU.Build.0 = Debug|Any CPU
		{DDC901CB-C747-4327-9A0E-F8DADD1D386E}.Release|Any CPU.ActiveCfg = Release|Any CPU
		{DDC901CB-C747-4327-9A0E-F8DADD1D386E}.Release|Any CPU.Build.0 = Release|Any CPU
		{65494D76-DCA0-4F75-8BDA-D6C5DE478AC7}.Debug|Any CPU.ActiveCfg = Debug|Any CPU
		{65494D76-DCA0-4F75-8BDA-D6C5DE478AC7}.Debug|Any CPU.Build.0 = Debug|Any CPU
		{65494D76-DCA0-4F75-8BDA-D6C5DE478AC7}.Release|Any CPU.ActiveCfg = Release|Any CPU
		{65494D76-DCA0-4F75-8BDA-D6C5DE478AC7}.Release|Any CPU.Build.0 = Release|Any CPU
		{43E97F40-737C-46AC-A172-E080DF4B451A}.Debug|Any CPU.ActiveCfg = Debug|Any CPU
		{43E97F40-737C-46AC-A172-E080DF4B451A}.Debug|Any CPU.Build.0 = Debug|Any CPU
		{43E97F40-737C-46AC-A172-E080DF4B451A}.Release|Any CPU.ActiveCfg = Release|Any CPU
		{43E97F40-737C-46AC-A172-E080DF4B451A}.Release|Any CPU.Build.0 = Release|Any CPU
		{E6BABF73-D497-42C6-9F01-F3AD10658257}.Debug|Any CPU.ActiveCfg = Debug|Any CPU
		{E6BABF73-D497-42C6-9F01-F3AD10658257}.Debug|Any CPU.Build.0 = Debug|Any CPU
		{E6BABF73-D497-42C6-9F01-F3AD10658257}.Release|Any CPU.ActiveCfg = Release|Any CPU
		{E6BABF73-D497-42C6-9F01-F3AD10658257}.Release|Any CPU.Build.0 = Release|Any CPU
		{97FA5062-B2E3-44CF-B0B4-030B09A15395}.Debug|Any CPU.ActiveCfg = Debug|Any CPU
		{97FA5062-B2E3-44CF-B0B4-030B09A15395}.Debug|Any CPU.Build.0 = Debug|Any CPU
		{97FA5062-B2E3-44CF-B0B4-030B09A15395}.Release|Any CPU.ActiveCfg = Release|Any CPU
		{97FA5062-B2E3-44CF-B0B4-030B09A15395}.Release|Any CPU.Build.0 = Release|Any CPU
		{1E3ACE7C-0A4D-497A-B947-B5D7F428E833}.Debug|Any CPU.ActiveCfg = Debug|Any CPU
		{1E3ACE7C-0A4D-497A-B947-B5D7F428E833}.Debug|Any CPU.Build.0 = Debug|Any CPU
		{1E3ACE7C-0A4D-497A-B947-B5D7F428E833}.Release|Any CPU.ActiveCfg = Release|Any CPU
		{1E3ACE7C-0A4D-497A-B947-B5D7F428E833}.Release|Any CPU.Build.0 = Release|Any CPU
		{9C1DD187-7D57-476B-B0FC-9B54E532DBD1}.Debug|Any CPU.ActiveCfg = Debug|Any CPU
		{9C1DD187-7D57-476B-B0FC-9B54E532DBD1}.Debug|Any CPU.Build.0 = Debug|Any CPU
		{9C1DD187-7D57-476B-B0FC-9B54E532DBD1}.Release|Any CPU.ActiveCfg = Release|Any CPU
		{9C1DD187-7D57-476B-B0FC-9B54E532DBD1}.Release|Any CPU.Build.0 = Release|Any CPU
		{70E97B4B-E46B-4A50-9875-811332707EB8}.Debug|Any CPU.ActiveCfg = Debug|Any CPU
		{70E97B4B-E46B-4A50-9875-811332707EB8}.Debug|Any CPU.Build.0 = Debug|Any CPU
		{70E97B4B-E46B-4A50-9875-811332707EB8}.Release|Any CPU.ActiveCfg = Release|Any CPU
		{70E97B4B-E46B-4A50-9875-811332707EB8}.Release|Any CPU.Build.0 = Release|Any CPU
		{C1B265EA-B367-46D0-8319-E535826C8571}.Debug|Any CPU.ActiveCfg = Debug|Any CPU
		{C1B265EA-B367-46D0-8319-E535826C8571}.Debug|Any CPU.Build.0 = Debug|Any CPU
		{C1B265EA-B367-46D0-8319-E535826C8571}.Release|Any CPU.ActiveCfg = Release|Any CPU
		{C1B265EA-B367-46D0-8319-E535826C8571}.Release|Any CPU.Build.0 = Release|Any CPU
		{AFC9F6FC-1BDB-45AB-8218-F8F72B52534D}.Debug|Any CPU.ActiveCfg = Debug|Any CPU
		{AFC9F6FC-1BDB-45AB-8218-F8F72B52534D}.Debug|Any CPU.Build.0 = Debug|Any CPU
		{AFC9F6FC-1BDB-45AB-8218-F8F72B52534D}.Release|Any CPU.ActiveCfg = Release|Any CPU
		{AFC9F6FC-1BDB-45AB-8218-F8F72B52534D}.Release|Any CPU.Build.0 = Release|Any CPU
		{C18D2895-06E5-4707-B989-CC27E06D361E}.Debug|Any CPU.ActiveCfg = Debug|Any CPU
		{C18D2895-06E5-4707-B989-CC27E06D361E}.Debug|Any CPU.Build.0 = Debug|Any CPU
		{C18D2895-06E5-4707-B989-CC27E06D361E}.Release|Any CPU.ActiveCfg = Release|Any CPU
		{C18D2895-06E5-4707-B989-CC27E06D361E}.Release|Any CPU.Build.0 = Release|Any CPU
		{E976E9EE-0199-402D-8963-534B6C992FAF}.Debug|Any CPU.ActiveCfg = Debug|Any CPU
		{E976E9EE-0199-402D-8963-534B6C992FAF}.Debug|Any CPU.Build.0 = Debug|Any CPU
		{E976E9EE-0199-402D-8963-534B6C992FAF}.Release|Any CPU.ActiveCfg = Release|Any CPU
		{E976E9EE-0199-402D-8963-534B6C992FAF}.Release|Any CPU.Build.0 = Release|Any CPU
		{E81F0739-AB3A-44DB-A4BF-B626D470E6E1}.Debug|Any CPU.ActiveCfg = Debug|Any CPU
		{E81F0739-AB3A-44DB-A4BF-B626D470E6E1}.Debug|Any CPU.Build.0 = Debug|Any CPU
		{E81F0739-AB3A-44DB-A4BF-B626D470E6E1}.Release|Any CPU.ActiveCfg = Release|Any CPU
		{E81F0739-AB3A-44DB-A4BF-B626D470E6E1}.Release|Any CPU.Build.0 = Release|Any CPU
		{0905BFA5-702A-4C47-89BF-9A7C9CE6F8B0}.Debug|Any CPU.ActiveCfg = Debug|Any CPU
		{0905BFA5-702A-4C47-89BF-9A7C9CE6F8B0}.Debug|Any CPU.Build.0 = Debug|Any CPU
		{0905BFA5-702A-4C47-89BF-9A7C9CE6F8B0}.Release|Any CPU.ActiveCfg = Release|Any CPU
		{0905BFA5-702A-4C47-89BF-9A7C9CE6F8B0}.Release|Any CPU.Build.0 = Release|Any CPU
		{5A34E7B8-50A4-435D-95E5-42FC1767CC7B}.Debug|Any CPU.ActiveCfg = Debug|Any CPU
		{5A34E7B8-50A4-435D-95E5-42FC1767CC7B}.Debug|Any CPU.Build.0 = Debug|Any CPU
		{5A34E7B8-50A4-435D-95E5-42FC1767CC7B}.Release|Any CPU.ActiveCfg = Release|Any CPU
		{5A34E7B8-50A4-435D-95E5-42FC1767CC7B}.Release|Any CPU.Build.0 = Release|Any CPU
		{652EFD90-A097-4CA0-90A5-6C3D07EB581A}.Debug|Any CPU.ActiveCfg = Debug|Any CPU
		{652EFD90-A097-4CA0-90A5-6C3D07EB581A}.Debug|Any CPU.Build.0 = Debug|Any CPU
		{652EFD90-A097-4CA0-90A5-6C3D07EB581A}.Release|Any CPU.ActiveCfg = Release|Any CPU
		{652EFD90-A097-4CA0-90A5-6C3D07EB581A}.Release|Any CPU.Build.0 = Release|Any CPU
		{4815906E-6592-4D63-909A-4689AEF7D5DB}.Debug|Any CPU.ActiveCfg = Debug|Any CPU
		{4815906E-6592-4D63-909A-4689AEF7D5DB}.Debug|Any CPU.Build.0 = Debug|Any CPU
		{4815906E-6592-4D63-909A-4689AEF7D5DB}.Release|Any CPU.ActiveCfg = Release|Any CPU
		{4815906E-6592-4D63-909A-4689AEF7D5DB}.Release|Any CPU.Build.0 = Release|Any CPU
		{0CC01450-F009-4507-9C6B-8E1E8B9ECF86}.Debug|Any CPU.ActiveCfg = Debug|Any CPU
		{0CC01450-F009-4507-9C6B-8E1E8B9ECF86}.Debug|Any CPU.Build.0 = Debug|Any CPU
		{0CC01450-F009-4507-9C6B-8E1E8B9ECF86}.Release|Any CPU.ActiveCfg = Release|Any CPU
		{0CC01450-F009-4507-9C6B-8E1E8B9ECF86}.Release|Any CPU.Build.0 = Release|Any CPU
		{0BB020F4-7EDE-4211-BA8A-4A8CEE6C6C19}.Debug|Any CPU.ActiveCfg = Debug|Any CPU
		{0BB020F4-7EDE-4211-BA8A-4A8CEE6C6C19}.Debug|Any CPU.Build.0 = Debug|Any CPU
		{0BB020F4-7EDE-4211-BA8A-4A8CEE6C6C19}.Release|Any CPU.ActiveCfg = Release|Any CPU
		{0BB020F4-7EDE-4211-BA8A-4A8CEE6C6C19}.Release|Any CPU.Build.0 = Release|Any CPU
		{97BB277D-6B69-44B1-9112-CBB540F4813B}.Debug|Any CPU.ActiveCfg = Debug|Any CPU
		{97BB277D-6B69-44B1-9112-CBB540F4813B}.Debug|Any CPU.Build.0 = Debug|Any CPU
		{97BB277D-6B69-44B1-9112-CBB540F4813B}.Release|Any CPU.ActiveCfg = Release|Any CPU
		{97BB277D-6B69-44B1-9112-CBB540F4813B}.Release|Any CPU.Build.0 = Release|Any CPU
		{E7E01297-A44D-4065-84FB-8D84EB180E3D}.Debug|Any CPU.ActiveCfg = Debug|Any CPU
		{E7E01297-A44D-4065-84FB-8D84EB180E3D}.Debug|Any CPU.Build.0 = Debug|Any CPU
		{E7E01297-A44D-4065-84FB-8D84EB180E3D}.Release|Any CPU.ActiveCfg = Release|Any CPU
		{E7E01297-A44D-4065-84FB-8D84EB180E3D}.Release|Any CPU.Build.0 = Release|Any CPU
		{FD3E70AE-2121-4AAE-A550-5AE9E5109AD3}.Debug|Any CPU.ActiveCfg = Debug|Any CPU
		{FD3E70AE-2121-4AAE-A550-5AE9E5109AD3}.Debug|Any CPU.Build.0 = Debug|Any CPU
		{FD3E70AE-2121-4AAE-A550-5AE9E5109AD3}.Release|Any CPU.ActiveCfg = Release|Any CPU
		{FD3E70AE-2121-4AAE-A550-5AE9E5109AD3}.Release|Any CPU.Build.0 = Release|Any CPU
		{6B0B800F-87DC-46BE-B025-949765D9B369}.Debug|Any CPU.ActiveCfg = Debug|Any CPU
		{6B0B800F-87DC-46BE-B025-949765D9B369}.Debug|Any CPU.Build.0 = Debug|Any CPU
		{6B0B800F-87DC-46BE-B025-949765D9B369}.Release|Any CPU.ActiveCfg = Release|Any CPU
		{6B0B800F-87DC-46BE-B025-949765D9B369}.Release|Any CPU.Build.0 = Release|Any CPU
		{93E5CCD4-B01D-4BC8-9933-E94C6DA049D8}.Debug|Any CPU.ActiveCfg = Debug|Any CPU
		{93E5CCD4-B01D-4BC8-9933-E94C6DA049D8}.Debug|Any CPU.Build.0 = Debug|Any CPU
		{93E5CCD4-B01D-4BC8-9933-E94C6DA049D8}.Release|Any CPU.ActiveCfg = Release|Any CPU
		{93E5CCD4-B01D-4BC8-9933-E94C6DA049D8}.Release|Any CPU.Build.0 = Release|Any CPU
		{373B092F-4767-436A-A7E4-FC3A6B2EC1E2}.Debug|Any CPU.ActiveCfg = Debug|Any CPU
		{373B092F-4767-436A-A7E4-FC3A6B2EC1E2}.Debug|Any CPU.Build.0 = Debug|Any CPU
		{373B092F-4767-436A-A7E4-FC3A6B2EC1E2}.Release|Any CPU.ActiveCfg = Release|Any CPU
		{373B092F-4767-436A-A7E4-FC3A6B2EC1E2}.Release|Any CPU.Build.0 = Release|Any CPU
		{B806C9F6-13F8-4C81-85D5-663C0FF26C24}.Debug|Any CPU.ActiveCfg = Debug|Any CPU
		{B806C9F6-13F8-4C81-85D5-663C0FF26C24}.Debug|Any CPU.Build.0 = Debug|Any CPU
		{B806C9F6-13F8-4C81-85D5-663C0FF26C24}.Release|Any CPU.ActiveCfg = Release|Any CPU
		{B806C9F6-13F8-4C81-85D5-663C0FF26C24}.Release|Any CPU.Build.0 = Release|Any CPU
		{A57306F1-2240-404A-977E-CE6DF62B006E}.Debug|Any CPU.ActiveCfg = Debug|Any CPU
		{A57306F1-2240-404A-977E-CE6DF62B006E}.Debug|Any CPU.Build.0 = Debug|Any CPU
		{A57306F1-2240-404A-977E-CE6DF62B006E}.Release|Any CPU.ActiveCfg = Release|Any CPU
		{A57306F1-2240-404A-977E-CE6DF62B006E}.Release|Any CPU.Build.0 = Release|Any CPU
		{48E4A8C6-5304-4976-9311-46935AA7F6F4}.Debug|Any CPU.ActiveCfg = Debug|Any CPU
		{48E4A8C6-5304-4976-9311-46935AA7F6F4}.Debug|Any CPU.Build.0 = Debug|Any CPU
		{48E4A8C6-5304-4976-9311-46935AA7F6F4}.Release|Any CPU.ActiveCfg = Release|Any CPU
		{48E4A8C6-5304-4976-9311-46935AA7F6F4}.Release|Any CPU.Build.0 = Release|Any CPU
		{F191DF10-AD05-4230-B0C4-A77995D6B07E}.Debug|Any CPU.ActiveCfg = Debug|Any CPU
		{F191DF10-AD05-4230-B0C4-A77995D6B07E}.Debug|Any CPU.Build.0 = Debug|Any CPU
		{F191DF10-AD05-4230-B0C4-A77995D6B07E}.Release|Any CPU.ActiveCfg = Release|Any CPU
		{F191DF10-AD05-4230-B0C4-A77995D6B07E}.Release|Any CPU.Build.0 = Release|Any CPU
		{28CEA6B3-A672-4A53-BEAE-2D9E4FF78D11}.Debug|Any CPU.ActiveCfg = Debug|Any CPU
		{28CEA6B3-A672-4A53-BEAE-2D9E4FF78D11}.Debug|Any CPU.Build.0 = Debug|Any CPU
		{28CEA6B3-A672-4A53-BEAE-2D9E4FF78D11}.Release|Any CPU.ActiveCfg = Release|Any CPU
		{28CEA6B3-A672-4A53-BEAE-2D9E4FF78D11}.Release|Any CPU.Build.0 = Release|Any CPU
		{A8178CDD-A4A6-4937-BFC2-6993053AE5C5}.Debug|Any CPU.ActiveCfg = Debug|Any CPU
		{A8178CDD-A4A6-4937-BFC2-6993053AE5C5}.Debug|Any CPU.Build.0 = Debug|Any CPU
		{A8178CDD-A4A6-4937-BFC2-6993053AE5C5}.Release|Any CPU.ActiveCfg = Release|Any CPU
		{A8178CDD-A4A6-4937-BFC2-6993053AE5C5}.Release|Any CPU.Build.0 = Release|Any CPU
		{C91E653A-2E0D-4335-B35A-C82969241C0F}.Debug|Any CPU.ActiveCfg = Debug|Any CPU
		{C91E653A-2E0D-4335-B35A-C82969241C0F}.Debug|Any CPU.Build.0 = Debug|Any CPU
		{C91E653A-2E0D-4335-B35A-C82969241C0F}.Release|Any CPU.ActiveCfg = Release|Any CPU
		{C91E653A-2E0D-4335-B35A-C82969241C0F}.Release|Any CPU.Build.0 = Release|Any CPU
		{2137425A-9E69-4131-A0D6-371F3D51C733}.Debug|Any CPU.ActiveCfg = Debug|Any CPU
		{2137425A-9E69-4131-A0D6-371F3D51C733}.Debug|Any CPU.Build.0 = Debug|Any CPU
		{2137425A-9E69-4131-A0D6-371F3D51C733}.Release|Any CPU.ActiveCfg = Release|Any CPU
		{2137425A-9E69-4131-A0D6-371F3D51C733}.Release|Any CPU.Build.0 = Release|Any CPU
		{07DE5729-A0DC-4CB6-BB8C-F6467F3AC42F}.Debug|Any CPU.ActiveCfg = Debug|Any CPU
		{07DE5729-A0DC-4CB6-BB8C-F6467F3AC42F}.Debug|Any CPU.Build.0 = Debug|Any CPU
		{07DE5729-A0DC-4CB6-BB8C-F6467F3AC42F}.Release|Any CPU.ActiveCfg = Release|Any CPU
		{07DE5729-A0DC-4CB6-BB8C-F6467F3AC42F}.Release|Any CPU.Build.0 = Release|Any CPU
		{EA020C95-957F-4AF5-B135-4A7309A249B4}.Debug|Any CPU.ActiveCfg = Debug|Any CPU
		{EA020C95-957F-4AF5-B135-4A7309A249B4}.Debug|Any CPU.Build.0 = Debug|Any CPU
		{EA020C95-957F-4AF5-B135-4A7309A249B4}.Release|Any CPU.ActiveCfg = Release|Any CPU
		{EA020C95-957F-4AF5-B135-4A7309A249B4}.Release|Any CPU.Build.0 = Release|Any CPU
		{D9D274A5-D6DE-492B-B5A6-F7CE8A645144}.Debug|Any CPU.ActiveCfg = Debug|Any CPU
		{D9D274A5-D6DE-492B-B5A6-F7CE8A645144}.Debug|Any CPU.Build.0 = Debug|Any CPU
		{D9D274A5-D6DE-492B-B5A6-F7CE8A645144}.Release|Any CPU.ActiveCfg = Release|Any CPU
		{D9D274A5-D6DE-492B-B5A6-F7CE8A645144}.Release|Any CPU.Build.0 = Release|Any CPU
		{F64FF0A6-0C67-433D-AEC2-B120DD7C3890}.Debug|Any CPU.ActiveCfg = Debug|Any CPU
		{F64FF0A6-0C67-433D-AEC2-B120DD7C3890}.Debug|Any CPU.Build.0 = Debug|Any CPU
		{F64FF0A6-0C67-433D-AEC2-B120DD7C3890}.Release|Any CPU.ActiveCfg = Release|Any CPU
		{F64FF0A6-0C67-433D-AEC2-B120DD7C3890}.Release|Any CPU.Build.0 = Release|Any CPU
		{77E6733C-A700-42F6-BC4D-025B7E6A7EFB}.Debug|Any CPU.ActiveCfg = Debug|Any CPU
		{77E6733C-A700-42F6-BC4D-025B7E6A7EFB}.Debug|Any CPU.Build.0 = Debug|Any CPU
		{77E6733C-A700-42F6-BC4D-025B7E6A7EFB}.Release|Any CPU.ActiveCfg = Release|Any CPU
		{77E6733C-A700-42F6-BC4D-025B7E6A7EFB}.Release|Any CPU.Build.0 = Release|Any CPU
		{4066DB80-BC4A-44F3-840A-9E74E3123173}.Debug|Any CPU.ActiveCfg = Debug|Any CPU
		{4066DB80-BC4A-44F3-840A-9E74E3123173}.Debug|Any CPU.Build.0 = Debug|Any CPU
		{4066DB80-BC4A-44F3-840A-9E74E3123173}.Release|Any CPU.ActiveCfg = Release|Any CPU
		{4066DB80-BC4A-44F3-840A-9E74E3123173}.Release|Any CPU.Build.0 = Release|Any CPU
		{0D08BFD9-B571-48E0-A06E-0299CCE7FC23}.Debug|Any CPU.ActiveCfg = Debug|Any CPU
		{0D08BFD9-B571-48E0-A06E-0299CCE7FC23}.Debug|Any CPU.Build.0 = Debug|Any CPU
		{0D08BFD9-B571-48E0-A06E-0299CCE7FC23}.Release|Any CPU.ActiveCfg = Release|Any CPU
		{0D08BFD9-B571-48E0-A06E-0299CCE7FC23}.Release|Any CPU.Build.0 = Release|Any CPU
		{72C27F2C-FB94-4797-B27B-9E6D79025E51}.Debug|Any CPU.ActiveCfg = Debug|Any CPU
		{72C27F2C-FB94-4797-B27B-9E6D79025E51}.Debug|Any CPU.Build.0 = Debug|Any CPU
		{72C27F2C-FB94-4797-B27B-9E6D79025E51}.Release|Any CPU.ActiveCfg = Release|Any CPU
		{72C27F2C-FB94-4797-B27B-9E6D79025E51}.Release|Any CPU.Build.0 = Release|Any CPU
		{C798E0C8-59DB-4358-9E51-BFDA57CC171F}.Debug|Any CPU.ActiveCfg = Debug|Any CPU
		{C798E0C8-59DB-4358-9E51-BFDA57CC171F}.Debug|Any CPU.Build.0 = Debug|Any CPU
		{C798E0C8-59DB-4358-9E51-BFDA57CC171F}.Release|Any CPU.ActiveCfg = Release|Any CPU
		{C798E0C8-59DB-4358-9E51-BFDA57CC171F}.Release|Any CPU.Build.0 = Release|Any CPU
	EndGlobalSection
	GlobalSection(SolutionProperties) = preSolution
		HideSolutionNode = FALSE
	EndGlobalSection
	GlobalSection(NestedProjects) = preSolution
		{68182F7B-62D7-480C-98BE-3399C3DF3798} = {DA6F365B-A364-43E1-9C21-D4DFA7B11FEE}
		{69C390A3-B021-42F3-9DB3-F9AFBFA9B9C5} = {BE8B6812-1B01-4CE8-A8F9-E57740FD2CEE}
		{4EA0E911-A463-4C1C-88D7-E71CC528914A} = {BE8B6812-1B01-4CE8-A8F9-E57740FD2CEE}
		{1275E712-04CD-4429-8D5F-5C827DEA9B1E} = {BE8B6812-1B01-4CE8-A8F9-E57740FD2CEE}
		{7DA677EC-FB23-49E2-BA89-0084C13EE01C} = {BE8B6812-1B01-4CE8-A8F9-E57740FD2CEE}
		{32834A4A-C88B-492F-83B7-BD7F45B8B2A9} = {BE8B6812-1B01-4CE8-A8F9-E57740FD2CEE}
		{3BADBF4C-0915-424E-9A4C-8DCDCC9480FC} = {BE8B6812-1B01-4CE8-A8F9-E57740FD2CEE}
		{99DC59F6-9979-4C6D-8F27-B63A725FBE65} = {BE8B6812-1B01-4CE8-A8F9-E57740FD2CEE}
		{E7913C75-AC1D-49E9-9198-97999E58B88D} = {3BADBF4C-0915-424E-9A4C-8DCDCC9480FC}
		{7E12AA80-D2E8-447E-9FAF-5AA27EA26E0C} = {3BADBF4C-0915-424E-9A4C-8DCDCC9480FC}
		{B03DF72B-38EF-4B11-9033-93C66AA99C65} = {3BADBF4C-0915-424E-9A4C-8DCDCC9480FC}
		{7FC89528-7266-48C3-91DC-83EBA0875195} = {99DC59F6-9979-4C6D-8F27-B63A725FBE65}
		{D7AAAE01-364E-414E-B9A2-EFEFFF024903} = {99DC59F6-9979-4C6D-8F27-B63A725FBE65}
		{08A48648-5B8B-41E3-AF5D-4BBC48D4B4BD} = {99DC59F6-9979-4C6D-8F27-B63A725FBE65}
		{D1FEEDC1-E809-46B3-8278-B66081C7E6FC} = {4872283D-3132-43A1-9A47-AAE554BD1B9A}
		{D4A4C934-7163-40F3-9565-83784680CB8B} = {4872283D-3132-43A1-9A47-AAE554BD1B9A}
		{DEED5A72-7E95-4EF9-88AE-593373546AEA} = {4872283D-3132-43A1-9A47-AAE554BD1B9A}
		{2D9ED863-06F0-41A4-B8BF-9A3128C59753} = {DEED5A72-7E95-4EF9-88AE-593373546AEA}
		{DDC901CB-C747-4327-9A0E-F8DADD1D386E} = {2D9ED863-06F0-41A4-B8BF-9A3128C59753}
		{65494D76-DCA0-4F75-8BDA-D6C5DE478AC7} = {2D9ED863-06F0-41A4-B8BF-9A3128C59753}
		{43E97F40-737C-46AC-A172-E080DF4B451A} = {2D9ED863-06F0-41A4-B8BF-9A3128C59753}
		{E6BABF73-D497-42C6-9F01-F3AD10658257} = {2D9ED863-06F0-41A4-B8BF-9A3128C59753}
		{97FA5062-B2E3-44CF-B0B4-030B09A15395} = {2D9ED863-06F0-41A4-B8BF-9A3128C59753}
		{1E3ACE7C-0A4D-497A-B947-B5D7F428E833} = {2D9ED863-06F0-41A4-B8BF-9A3128C59753}
		{0E21C0FC-A4A9-4042-B87D-72F2E6700098} = {DEED5A72-7E95-4EF9-88AE-593373546AEA}
		{332EBB33-877F-498F-977D-09B9C5C3E7E7} = {DEED5A72-7E95-4EF9-88AE-593373546AEA}
		{6CB7D065-E4AC-40EF-BC73-68A96CAC3B1A} = {DEED5A72-7E95-4EF9-88AE-593373546AEA}
		{9C1DD187-7D57-476B-B0FC-9B54E532DBD1} = {6CB7D065-E4AC-40EF-BC73-68A96CAC3B1A}
		{70E97B4B-E46B-4A50-9875-811332707EB8} = {332EBB33-877F-498F-977D-09B9C5C3E7E7}
		{C1B265EA-B367-46D0-8319-E535826C8571} = {332EBB33-877F-498F-977D-09B9C5C3E7E7}
		{AFC9F6FC-1BDB-45AB-8218-F8F72B52534D} = {332EBB33-877F-498F-977D-09B9C5C3E7E7}
		{C18D2895-06E5-4707-B989-CC27E06D361E} = {332EBB33-877F-498F-977D-09B9C5C3E7E7}
		{E976E9EE-0199-402D-8963-534B6C992FAF} = {0E21C0FC-A4A9-4042-B87D-72F2E6700098}
		{E81F0739-AB3A-44DB-A4BF-B626D470E6E1} = {0E21C0FC-A4A9-4042-B87D-72F2E6700098}
		{0905BFA5-702A-4C47-89BF-9A7C9CE6F8B0} = {0E21C0FC-A4A9-4042-B87D-72F2E6700098}
		{5A34E7B8-50A4-435D-95E5-42FC1767CC7B} = {0E21C0FC-A4A9-4042-B87D-72F2E6700098}
		{652EFD90-A097-4CA0-90A5-6C3D07EB581A} = {0E21C0FC-A4A9-4042-B87D-72F2E6700098}
		{4815906E-6592-4D63-909A-4689AEF7D5DB} = {6CB7D065-E4AC-40EF-BC73-68A96CAC3B1A}
		{0CC01450-F009-4507-9C6B-8E1E8B9ECF86} = {6CB7D065-E4AC-40EF-BC73-68A96CAC3B1A}
		{ADC78EA6-45A8-4EDF-A161-D56E6F358E06} = {DEED5A72-7E95-4EF9-88AE-593373546AEA}
		{0BB020F4-7EDE-4211-BA8A-4A8CEE6C6C19} = {ADC78EA6-45A8-4EDF-A161-D56E6F358E06}
		{484CB333-C024-4BF6-90AF-EC47ADA2B9A2} = {DEED5A72-7E95-4EF9-88AE-593373546AEA}
		{97BB277D-6B69-44B1-9112-CBB540F4813B} = {484CB333-C024-4BF6-90AF-EC47ADA2B9A2}
		{E7E01297-A44D-4065-84FB-8D84EB180E3D} = {484CB333-C024-4BF6-90AF-EC47ADA2B9A2}
		{9E3D5E03-8410-4B25-8A6A-712ACE404357} = {DEED5A72-7E95-4EF9-88AE-593373546AEA}
		{FD3E70AE-2121-4AAE-A550-5AE9E5109AD3} = {9E3D5E03-8410-4B25-8A6A-712ACE404357}
		{6B0B800F-87DC-46BE-B025-949765D9B369} = {9E3D5E03-8410-4B25-8A6A-712ACE404357}
		{93E5CCD4-B01D-4BC8-9933-E94C6DA049D8} = {9E3D5E03-8410-4B25-8A6A-712ACE404357}
		{373B092F-4767-436A-A7E4-FC3A6B2EC1E2} = {9E3D5E03-8410-4B25-8A6A-712ACE404357}
		{B806C9F6-13F8-4C81-85D5-663C0FF26C24} = {9E3D5E03-8410-4B25-8A6A-712ACE404357}
		{A57306F1-2240-404A-977E-CE6DF62B006E} = {9E3D5E03-8410-4B25-8A6A-712ACE404357}
		{48E4A8C6-5304-4976-9311-46935AA7F6F4} = {9E3D5E03-8410-4B25-8A6A-712ACE404357}
		{F191DF10-AD05-4230-B0C4-A77995D6B07E} = {9E3D5E03-8410-4B25-8A6A-712ACE404357}
		{5CC8A491-6EFE-417E-8CC0-4025E70D0132} = {DEED5A72-7E95-4EF9-88AE-593373546AEA}
		{28CEA6B3-A672-4A53-BEAE-2D9E4FF78D11} = {5CC8A491-6EFE-417E-8CC0-4025E70D0132}
		{A8178CDD-A4A6-4937-BFC2-6993053AE5C5} = {5CC8A491-6EFE-417E-8CC0-4025E70D0132}
		{C91E653A-2E0D-4335-B35A-C82969241C0F} = {D4A4C934-7163-40F3-9565-83784680CB8B}
		{2137425A-9E69-4131-A0D6-371F3D51C733} = {D4A4C934-7163-40F3-9565-83784680CB8B}
		{07DE5729-A0DC-4CB6-BB8C-F6467F3AC42F} = {D4A4C934-7163-40F3-9565-83784680CB8B}
		{EA020C95-957F-4AF5-B135-4A7309A249B4} = {D1FEEDC1-E809-46B3-8278-B66081C7E6FC}
		{D9D274A5-D6DE-492B-B5A6-F7CE8A645144} = {D1FEEDC1-E809-46B3-8278-B66081C7E6FC}
		{F64FF0A6-0C67-433D-AEC2-B120DD7C3890} = {D1FEEDC1-E809-46B3-8278-B66081C7E6FC}
		{7AF6BC2B-80C7-41F4-BB7A-69381179C6E2} = {80AD0ED6-3EF5-43BF-AB14-944DD2F67F3E}
		{77E6733C-A700-42F6-BC4D-025B7E6A7EFB} = {7AF6BC2B-80C7-41F4-BB7A-69381179C6E2}
		{4066DB80-BC4A-44F3-840A-9E74E3123173} = {7AF6BC2B-80C7-41F4-BB7A-69381179C6E2}
		{0D08BFD9-B571-48E0-A06E-0299CCE7FC23} = {7AF6BC2B-80C7-41F4-BB7A-69381179C6E2}
		{72C27F2C-FB94-4797-B27B-9E6D79025E51} = {7AF6BC2B-80C7-41F4-BB7A-69381179C6E2}
		{C798E0C8-59DB-4358-9E51-BFDA57CC171F} = {7AF6BC2B-80C7-41F4-BB7A-69381179C6E2}
	EndGlobalSection
	GlobalSection(ExtensibilityGlobals) = postSolution
		SolutionGuid = {8D701B05-35F0-4D50-81DB-C59C64681E50}
	EndGlobalSection
EndGlobal
